lockfileVersion: '9.0'

settings:
  autoInstallPeers: true
  excludeLinksFromLockfile: false

importers:

  .:
    devDependencies:
      '@aws-amplify/backend-auth':
        specifier: ^1.4.2
        version: 1.4.2(@aws-sdk/types@3.714.0)(aws-cdk-lib@2.173.2(constructs@10.4.2))(constructs@10.4.2)(zod@3.24.1)
      '@types/node':
        specifier: ^20.14.11
        version: 20.14.13
      prettier:
        specifier: ^3.3.3
        version: 3.3.3
      typescript:
        specifier: ^5.5.3
        version: 5.5.4

packages:

  '@aws-amplify/auth-construct@1.5.1':
    resolution: {integrity: sha512-xVlxrQy6bilZYsCOyFbt2XKBY2HouM21vHe5IOSBzxx9aOAxeRy1OzryYHpNUqSxmkIrsZVIr9kkBzwry3tF1g==}
    peerDependencies:
      aws-cdk-lib: ^2.168.0
      constructs: ^10.0.0

  '@aws-amplify/backend-auth@1.4.2':
    resolution: {integrity: sha512-vd8SwdhHw4vWsWvzfNfeOEUkitPWiKg4YhsAdMpVfyLkreU//efVSbSmcwi3ZJI5mBvubE9+91qjWYq8VD4iQQ==}
    peerDependencies:
      aws-cdk-lib: ^2.168.0
      constructs: ^10.0.0

  '@aws-amplify/backend-output-schemas@1.4.0':
    resolution: {integrity: sha512-/p2t/wWV1CTObJnewmLKlx48AYGhhRKp2Ne51DNZ1gV4CAwZx9Jmtyjv65h3zQ6Gk6WTTcjeNORncgEa1Gq5CA==}
    peerDependencies:
      zod: ^3.22.2

  '@aws-amplify/backend-output-storage@1.1.4':
    resolution: {integrity: sha512-RbxhnM+86tCZfDY60QRDe0MY+9qkjUwkOcgqp2pX6luh7sqYmaFlUMNfUKS6bqf4EU+WKB44l+aflJPmiQdIvw==}
    peerDependencies:
      aws-cdk-lib: ^2.168.0

  '@aws-amplify/platform-core@1.4.0':
    resolution: {integrity: sha512-MSkgt/A30kXsq93xEJmjlEKVOBA6lOg2pc8PUuCeDfsHEvRagrkZ60pH246MJPb1Ubm/ZwwaeDxT+aUbZ0zohw==}
    peerDependencies:
      aws-cdk-lib: ^2.168.0
      constructs: ^10.0.0

  '@aws-amplify/plugin-types@1.6.0':
    resolution: {integrity: sha512-qUwGReb8fxj+2nyEmQUEXhT1gPaz1C/mNTb1tfI7y0u5qRPI9omd8p3hkL5l3hEULrhtR6iS51nx1CmJs3hroA==}
    peerDependencies:
      '@aws-sdk/types': ^3.609.0
      aws-cdk-lib: ^2.168.0
      constructs: ^10.0.0

  '@aws-cdk/asset-awscli-v1@2.2.215':
    resolution: {integrity: sha512-D+Jzwpl+zlBGjJf7nuRcz6JFNwqDQ+IzwIq0VSC4LMRRvrkhGE/ZE+zab3EnjmVkipcQqtQe+PVKefgmxETbvA==}

  '@aws-cdk/asset-kubectl-v20@2.1.3':
    resolution: {integrity: sha512-cDG1w3ieM6eOT9mTefRuTypk95+oyD7P5X/wRltwmYxU7nZc3+076YEVS6vrjDKr3ADYbfn0lDKpfB1FBtO9CQ==}

  '@aws-cdk/asset-node-proxy-agent-v6@2.1.0':
    resolution: {integrity: sha512-7bY3J8GCVxLupn/kNmpPc5VJz8grx+4RKfnnJiO1LG+uxkZfANZG3RMHhE+qQxxwkyQ9/MfPtTpf748UhR425A==}

  '@aws-cdk/cloud-assembly-schema@38.0.1':
    resolution: {integrity: sha512-KvPe+NMWAulfNVwY7jenFhzhuLhLqJ/OPy5jx7wUstbjnYnjRVLpUHPU3yCjXFE0J8cuJVdx95BJ4rOs66Pi9w==}
    bundledDependencies:
      - jsonschema
      - semver

  '@aws-crypto/sha256-browser@5.2.0':
    resolution: {integrity: sha512-AXfN/lGotSQwu6HNcEsIASo7kWXZ5HYWvfOmSNKDsEqC4OashTp8alTmaz+F7TC2L083SFv5RdB+qU3Vs1kZqw==}

  '@aws-crypto/sha256-js@5.2.0':
    resolution: {integrity: sha512-FFQQyu7edu4ufvIZ+OadFpHHOt+eSTBaYaki44c+akjg7qZg9oOQeLlk77F6tSYqjDAFClrHJk9tMf0HdVyOvA==}
    engines: {node: '>=16.0.0'}

  '@aws-crypto/supports-web-crypto@5.2.0':
    resolution: {integrity: sha512-iAvUotm021kM33eCdNfwIN//F77/IADDSs58i+MDaOqFrVjZo9bAal0NK7HurRuWLLpF1iLX7gbWrjHjeo+YFg==}

  '@aws-crypto/util@5.2.0':
    resolution: {integrity: sha512-4RkU9EsI6ZpBve5fseQlGNUWKMa1RLPQ1dnjnQoe07ldfIzcsGb5hC5W0Dm7u423KWzawlrpbjXBrXCEv9zazQ==}

  '@aws-sdk/client-sso-oidc@3.716.0':
    resolution: {integrity: sha512-lA4IB9FzR2KjH7EVCo+mHGFKqdViVyeBQEIX9oVratL/l7P0bMS1fMwgfHOc3ACazqNxBxDES7x08ZCp32y6Lw==}
    engines: {node: '>=16.0.0'}
    peerDependencies:
      '@aws-sdk/client-sts': ^3.716.0

  '@aws-sdk/client-sso@3.716.0':
    resolution: {integrity: sha512-5Nb0jJXce2TclbjG7WVPufwhgV1TRydz1QnsuBtKU0AdViEpr787YrZhPpGnNIM1Dx+R1H/tmAHZnOoohS6D8g==}
    engines: {node: '>=16.0.0'}

  '@aws-sdk/client-sts@3.716.0':
    resolution: {integrity: sha512-i4SVNsrdXudp8T4bkm7Fi3YWlRnvXCSwvNDqf6nLqSJxqr4CN3VlBELueDyjBK7TAt453/qSif+eNx+bHmwo4Q==}
    engines: {node: '>=16.0.0'}

  '@aws-sdk/core@3.716.0':
    resolution: {integrity: sha512-5DkUiTrbyzO8/W4g7UFEqRFpuhgizayHI/Zbh0wtFMcot8801nJV+MP/YMhdjimlvAr/OqYB08FbGsPyWppMTw==}
    engines: {node: '>=16.0.0'}

  '@aws-sdk/credential-provider-env@3.716.0':
    resolution: {integrity: sha512-JI2KQUnn2arICwP9F3CnqP1W3nAbm4+meQg/yOhp9X0DMzQiHrHRd4HIrK2vyVgi2/6hGhONY5uLF26yRTA7nQ==}
    engines: {node: '>=16.0.0'}

  '@aws-sdk/credential-provider-http@3.716.0':
    resolution: {integrity: sha512-CZ04pl2z7igQPysQyH2xKZHM3fLwkemxQbKOlje3TmiS1NwXvcKvERhp9PE/H23kOL7beTM19NMRog/Fka/rlw==}
    engines: {node: '>=16.0.0'}

  '@aws-sdk/credential-provider-ini@3.716.0':
    resolution: {integrity: sha512-P37We2GtZvdROxiwP0zrpEL81/HuYK1qlYxp5VCj3uV+G4mG8UQN2gMIU/baYrpOQqa0h81RfyQGRFUjVaDVqw==}
    engines: {node: '>=16.0.0'}
    peerDependencies:
      '@aws-sdk/client-sts': ^3.716.0

  '@aws-sdk/credential-provider-node@3.716.0':
    resolution: {integrity: sha512-FGQPK2uKfS53dVvoskN/s/t6m0Po24BGd1PzJdzHBFCOjxbZLM6+8mDMXeyi2hCLVVQOUcuW41kOgmJ0+zMbww==}
    engines: {node: '>=16.0.0'}

  '@aws-sdk/credential-provider-process@3.716.0':
    resolution: {integrity: sha512-0spcu2MWVVHSTHH3WE2E//ttUJPwXRM3BCp+WyI41xLzpNu1Fd8zjOrDpEo0SnGUzsSiRTIJWgkuu/tqv9NJ2A==}
    engines: {node: '>=16.0.0'}

  '@aws-sdk/credential-provider-sso@3.716.0':
    resolution: {integrity: sha512-J2IA3WuCpRGGoZm6VHZVFCnrxXP+41iUWb9Ct/1spljegTa1XjiaZ5Jf3+Ubj7WKiyvP9/dgz1L0bu2bYEjliw==}
    engines: {node: '>=16.0.0'}

  '@aws-sdk/credential-provider-web-identity@3.716.0':
    resolution: {integrity: sha512-vzgpWKs2gGXZGdbMKRFrMW4PqEFWkGvwWH2T7ZwQv9m+8lQ7P4Dk2uimqu0f37HZAbpn8HFMqRh4CaySjU354A==}
    engines: {node: '>=16.0.0'}
    peerDependencies:
      '@aws-sdk/client-sts': ^3.716.0

  '@aws-sdk/middleware-host-header@3.714.0':
    resolution: {integrity: sha512-6l68kjNrh5QC8FGX3I3geBDavWN5Tg1RLHJ2HLA8ByGBtJyCwnz3hEkKfaxn0bBx0hF9DzbfjEOUF6cDqy2Kjg==}
    engines: {node: '>=16.0.0'}

  '@aws-sdk/middleware-logger@3.714.0':
    resolution: {integrity: sha512-RkqHlMvQWUaRklU1bMfUuBvdWwxgUtEqpADaHXlGVj3vtEY2UgBjy+57CveC4MByqKIunNvVHBBbjrGVtwY7Lg==}
    engines: {node: '>=16.0.0'}

  '@aws-sdk/middleware-recursion-detection@3.714.0':
    resolution: {integrity: sha512-AVU5ixnh93nqtsfgNc284oXsXaadyHGPHpql/jwgaaqQfEXjS/1/j3j9E/vpacfTTz2Vzo7hAOjnvrOXSEVDaA==}
    engines: {node: '>=16.0.0'}

  '@aws-sdk/middleware-user-agent@3.716.0':
    resolution: {integrity: sha512-FpAtT6nNKrYdkDZndutEraiRMf+TgDzAGvniqRtZ/YTPA+gIsWrsn+TwMKINR81lFC3nQfb9deS5CFtxd021Ew==}
    engines: {node: '>=16.0.0'}

  '@aws-sdk/region-config-resolver@3.714.0':
    resolution: {integrity: sha512-HJzsQxgMOAzZrbf/YIqEx30or4tZK1oNAk6Wm6xecUQx+23JXIaePRu1YFUOLBBERQ4QBPpISFurZWBMZ5ibAw==}
    engines: {node: '>=16.0.0'}

  '@aws-sdk/token-providers@3.714.0':
    resolution: {integrity: sha512-vKN064aLE3kl+Zl16Ony3jltHnMddMBT7JRkP1L+lLywhA0PcAKxpdvComul/sTBWnbnwLnaS5NsDUhcWySH8A==}
    engines: {node: '>=16.0.0'}
    peerDependencies:
      '@aws-sdk/client-sso-oidc': ^3.714.0

  '@aws-sdk/types@3.714.0':
    resolution: {integrity: sha512-ZjpP2gYbSFlxxaUDa1Il5AVvfggvUPbjzzB/l3q0gIE5Thd6xKW+yzEpt2mLZ5s5UaYSABZbF94g8NUOF4CVGA==}
    engines: {node: '>=16.0.0'}

  '@aws-sdk/util-arn-parser@3.693.0':
    resolution: {integrity: sha512-WC8x6ca+NRrtpAH64rWu+ryDZI3HuLwlEr8EU6/dbC/pt+r/zC0PBoC15VEygUaBA+isppCikQpGyEDu0Yj7gQ==}
    engines: {node: '>=16.0.0'}

  '@aws-sdk/util-endpoints@3.714.0':
    resolution: {integrity: sha512-Xv+Z2lhe7w7ZZRsgBwBMZgGTVmS+dkkj2S13uNHAx9lhB5ovM8PhK5G/j28xYf6vIibeuHkRAbb7/ozdZIGR+A==}
    engines: {node: '>=16.0.0'}

  '@aws-sdk/util-locate-window@3.693.0':
    resolution: {integrity: sha512-ttrag6haJLWABhLqtg1Uf+4LgHWIMOVSYL+VYZmAp2v4PUGOwWmWQH0Zk8RM7YuQcLfH/EoR72/Yxz6A4FKcuw==}
    engines: {node: '>=16.0.0'}

  '@aws-sdk/util-user-agent-browser@3.714.0':
    resolution: {integrity: sha512-OdJJ03cP9/MgIVToPJPCPUImbpZzTcwdIgbXC0tUQPJhbD7b7cB4LdnkhNHko+MptpOrCq4CPY/33EpOjRdofw==}

  '@aws-sdk/util-user-agent-node@3.716.0':
    resolution: {integrity: sha512-3PqaXmQbxrtHKAsPCdp7kn5FrQktj8j3YyuNsqFZ8rWZeEQ88GWlsvE61PTsr2peYCKzpFqYVddef2x1axHU0w==}
    engines: {node: '>=16.0.0'}
    peerDependencies:
      aws-crt: '>=1.0.0'
    peerDependenciesMeta:
      aws-crt:
        optional: true

  '@smithy/abort-controller@3.1.9':
    resolution: {integrity: sha512-yiW0WI30zj8ZKoSYNx90no7ugVn3khlyH/z5W8qtKBtVE6awRALbhSG+2SAHA1r6bO/6M9utxYKVZ3PCJ1rWxw==}
    engines: {node: '>=16.0.0'}

  '@smithy/config-resolver@3.0.13':
    resolution: {integrity: sha512-Gr/qwzyPaTL1tZcq8WQyHhTZREER5R1Wytmz4WnVGL4onA3dNk6Btll55c8Vr58pLdvWZmtG8oZxJTw3t3q7Jg==}
    engines: {node: '>=16.0.0'}

  '@smithy/core@2.5.5':
    resolution: {integrity: sha512-G8G/sDDhXA7o0bOvkc7bgai6POuSld/+XhNnWAbpQTpLv2OZPvyqQ58tLPPlz0bSNsXktldDDREIv1LczFeNEw==}
    engines: {node: '>=16.0.0'}

  '@smithy/credential-provider-imds@3.2.8':
    resolution: {integrity: sha512-ZCY2yD0BY+K9iMXkkbnjo+08T2h8/34oHd0Jmh6BZUSZwaaGlGCyBT/3wnS7u7Xl33/EEfN4B6nQr3Gx5bYxgw==}
    engines: {node: '>=16.0.0'}

  '@smithy/fetch-http-handler@4.1.2':
    resolution: {integrity: sha512-R7rU7Ae3ItU4rC0c5mB2sP5mJNbCfoDc8I5XlYjIZnquyUwec7fEo78F6DA3SmgJgkU1qTMcZJuGblxZsl10ZA==}

  '@smithy/hash-node@3.0.11':
    resolution: {integrity: sha512-emP23rwYyZhQBvklqTtwetkQlqbNYirDiEEwXl2v0GYWMnCzxst7ZaRAnWuy28njp5kAH54lvkdG37MblZzaHA==}
    engines: {node: '>=16.0.0'}

  '@smithy/invalid-dependency@3.0.11':
    resolution: {integrity: sha512-NuQmVPEJjUX6c+UELyVz8kUx8Q539EDeNwbRyu4IIF8MeV7hUtq1FB3SHVyki2u++5XLMFqngeMKk7ccspnNyQ==}

  '@smithy/is-array-buffer@2.2.0':
    resolution: {integrity: sha512-GGP3O9QFD24uGeAXYUjwSTXARoqpZykHadOmA8G5vfJPK0/DC67qa//0qvqrJzL1xc8WQWX7/yc7fwudjPHPhA==}
    engines: {node: '>=14.0.0'}

  '@smithy/is-array-buffer@3.0.0':
    resolution: {integrity: sha512-+Fsu6Q6C4RSJiy81Y8eApjEB5gVtM+oFKTffg+jSuwtvomJJrhUJBu2zS8wjXSgH/g1MKEWrzyChTBe6clb5FQ==}
    engines: {node: '>=16.0.0'}

  '@smithy/middleware-content-length@3.0.13':
    resolution: {integrity: sha512-zfMhzojhFpIX3P5ug7jxTjfUcIPcGjcQYzB9t+rv0g1TX7B0QdwONW+ATouaLoD7h7LOw/ZlXfkq4xJ/g2TrIw==}
    engines: {node: '>=16.0.0'}

  '@smithy/middleware-endpoint@3.2.6':
    resolution: {integrity: sha512-WAqzyulvvSKrT5c6VrQelgNVNNO7BlTQW9Z+s9tcG6G5CaBS1YBpPtT3VuhXLQbewSiGi7oXQROwpw26EG9PLQ==}
    engines: {node: '>=16.0.0'}

  '@smithy/middleware-retry@3.0.31':
    resolution: {integrity: sha512-yq9wawrJLYHAYFpChLujxRN4My+SiKXvZk9Ml/CvTdRSA8ew+hvuR5LT+mjSlSBv3c4XJrkN8CWegkBaeD0Vrg==}
    engines: {node: '>=16.0.0'}

  '@smithy/middleware-serde@3.0.11':
    resolution: {integrity: sha512-KzPAeySp/fOoQA82TpnwItvX8BBURecpx6ZMu75EZDkAcnPtO6vf7q4aH5QHs/F1s3/snQaSFbbUMcFFZ086Mw==}
    engines: {node: '>=16.0.0'}

  '@smithy/middleware-stack@3.0.11':
    resolution: {integrity: sha512-1HGo9a6/ikgOMrTrWL/WiN9N8GSVYpuRQO5kjstAq4CvV59bjqnh7TbdXGQ4vxLD3xlSjfBjq5t1SOELePsLnA==}
    engines: {node: '>=16.0.0'}

  '@smithy/node-config-provider@3.1.12':
    resolution: {integrity: sha512-O9LVEu5J/u/FuNlZs+L7Ikn3lz7VB9hb0GtPT9MQeiBmtK8RSY3ULmsZgXhe6VAlgTw0YO+paQx4p8xdbs43vQ==}
    engines: {node: '>=16.0.0'}

  '@smithy/node-http-handler@3.3.2':
    resolution: {integrity: sha512-t4ng1DAd527vlxvOfKFYEe6/QFBcsj7WpNlWTyjorwXXcKw3XlltBGbyHfSJ24QT84nF+agDha9tNYpzmSRZPA==}
    engines: {node: '>=16.0.0'}

  '@smithy/property-provider@3.1.11':
    resolution: {integrity: sha512-I/+TMc4XTQ3QAjXfOcUWbSS073oOEAxgx4aZy8jHaf8JQnRkq2SZWw8+PfDtBvLUjcGMdxl+YwtzWe6i5uhL/A==}
    engines: {node: '>=16.0.0'}

  '@smithy/protocol-http@4.1.8':
    resolution: {integrity: sha512-hmgIAVyxw1LySOwkgMIUN0kjN8TG9Nc85LJeEmEE/cNEe2rkHDUWhnJf2gxcSRFLWsyqWsrZGw40ROjUogg+Iw==}
    engines: {node: '>=16.0.0'}

  '@smithy/querystring-builder@3.0.11':
    resolution: {integrity: sha512-u+5HV/9uJaeLj5XTb6+IEF/dokWWkEqJ0XiaRRogyREmKGUgZnNecLucADLdauWFKUNbQfulHFEZEdjwEBjXRg==}
    engines: {node: '>=16.0.0'}

  '@smithy/querystring-parser@3.0.11':
    resolution: {integrity: sha512-Je3kFvCsFMnso1ilPwA7GtlbPaTixa3WwC+K21kmMZHsBEOZYQaqxcMqeFFoU7/slFjKDIpiiPydvdJm8Q/MCw==}
    engines: {node: '>=16.0.0'}

  '@smithy/service-error-classification@3.0.11':
    resolution: {integrity: sha512-QnYDPkyewrJzCyaeI2Rmp7pDwbUETe+hU8ADkXmgNusO1bgHBH7ovXJiYmba8t0fNfJx75fE8dlM6SEmZxheog==}
    engines: {node: '>=16.0.0'}

  '@smithy/shared-ini-file-loader@3.1.12':
    resolution: {integrity: sha512-1xKSGI+U9KKdbG2qDvIR9dGrw3CNx+baqJfyr0igKEpjbHL5stsqAesYBzHChYHlelWtb87VnLWlhvfCz13H8Q==}
    engines: {node: '>=16.0.0'}

  '@smithy/signature-v4@4.2.4':
    resolution: {integrity: sha512-5JWeMQYg81TgU4cG+OexAWdvDTs5JDdbEZx+Qr1iPbvo91QFGzjy0IkXAKaXUHqmKUJgSHK0ZxnCkgZpzkeNTA==}
    engines: {node: '>=16.0.0'}

  '@smithy/smithy-client@3.5.1':
    resolution: {integrity: sha512-PmjskH4Os1Eh3rd5vSsa5uVelZ4DRu+N5CBEgb9AT96hQSJGWSEb6pGxKV/PtKQSIp9ft3+KvnT8ViMKaguzgA==}
    engines: {node: '>=16.0.0'}

  '@smithy/types@3.7.2':
    resolution: {integrity: sha512-bNwBYYmN8Eh9RyjS1p2gW6MIhSO2rl7X9QeLM8iTdcGRP+eDiIWDt66c9IysCc22gefKszZv+ubV9qZc7hdESg==}
    engines: {node: '>=16.0.0'}

  '@smithy/url-parser@3.0.11':
    resolution: {integrity: sha512-TmlqXkSk8ZPhfc+SQutjmFr5FjC0av3GZP4B/10caK1SbRwe/v+Wzu/R6xEKxoNqL+8nY18s1byiy6HqPG37Aw==}

  '@smithy/util-base64@3.0.0':
    resolution: {integrity: sha512-Kxvoh5Qtt0CDsfajiZOCpJxgtPHXOKwmM+Zy4waD43UoEMA+qPxxa98aE/7ZhdnBFZFXMOiBR5xbcaMhLtznQQ==}
    engines: {node: '>=16.0.0'}

  '@smithy/util-body-length-browser@3.0.0':
    resolution: {integrity: sha512-cbjJs2A1mLYmqmyVl80uoLTJhAcfzMOyPgjwAYusWKMdLeNtzmMz9YxNl3/jRLoxSS3wkqkf0jwNdtXWtyEBaQ==}

  '@smithy/util-body-length-node@3.0.0':
    resolution: {integrity: sha512-Tj7pZ4bUloNUP6PzwhN7K386tmSmEET9QtQg0TgdNOnxhZvCssHji+oZTUIuzxECRfG8rdm2PMw2WCFs6eIYkA==}
    engines: {node: '>=16.0.0'}

  '@smithy/util-buffer-from@2.2.0':
    resolution: {integrity: sha512-IJdWBbTcMQ6DA0gdNhh/BwrLkDR+ADW5Kr1aZmd4k3DIF6ezMV4R2NIAmT08wQJ3yUK82thHWmC/TnK/wpMMIA==}
    engines: {node: '>=14.0.0'}

  '@smithy/util-buffer-from@3.0.0':
    resolution: {integrity: sha512-aEOHCgq5RWFbP+UDPvPot26EJHjOC+bRgse5A8V3FSShqd5E5UN4qc7zkwsvJPPAVsf73QwYcHN1/gt/rtLwQA==}
    engines: {node: '>=16.0.0'}

  '@smithy/util-config-provider@3.0.0':
    resolution: {integrity: sha512-pbjk4s0fwq3Di/ANL+rCvJMKM5bzAQdE5S/6RL5NXgMExFAi6UgQMPOm5yPaIWPpr+EOXKXRonJ3FoxKf4mCJQ==}
    engines: {node: '>=16.0.0'}

  '@smithy/util-defaults-mode-browser@3.0.31':
    resolution: {integrity: sha512-eO+zkbqrPnmsagqzrmF7IJrCoU2wTQXWVYxMPqA9Oue55kw9WEvhyuw2XQzTVTCRcYsg6KgmV3YYhLlWQJfK1A==}
    engines: {node: '>= 10.0.0'}

  '@smithy/util-defaults-mode-node@3.0.31':
    resolution: {integrity: sha512-0/nJfpSpbGZOs6qs42wCe2TdjobbnnD4a3YUUlvTXSQqLy4qa63luDaV04hGvqSHP7wQ7/WGehbvHkDhMZd1MQ==}
    engines: {node: '>= 10.0.0'}

  '@smithy/util-endpoints@2.1.7':
    resolution: {integrity: sha512-tSfcqKcN/Oo2STEYCABVuKgJ76nyyr6skGl9t15hs+YaiU06sgMkN7QYjo0BbVw+KT26zok3IzbdSOksQ4YzVw==}
    engines: {node: '>=16.0.0'}

  '@smithy/util-hex-encoding@3.0.0':
    resolution: {integrity: sha512-eFndh1WEK5YMUYvy3lPlVmYY/fZcQE1D8oSf41Id2vCeIkKJXPcYDCZD+4+xViI6b1XSd7tE+s5AmXzz5ilabQ==}
    engines: {node: '>=16.0.0'}

  '@smithy/util-middleware@3.0.11':
    resolution: {integrity: sha512-dWpyc1e1R6VoXrwLoLDd57U1z6CwNSdkM69Ie4+6uYh2GC7Vg51Qtan7ITzczuVpqezdDTKJGJB95fFvvjU/ow==}
    engines: {node: '>=16.0.0'}

  '@smithy/util-retry@3.0.11':
    resolution: {integrity: sha512-hJUC6W7A3DQgaee3Hp9ZFcOxVDZzmBIRBPlUAk8/fSOEl7pE/aX7Dci0JycNOnm9Mfr0KV2XjIlUOcGWXQUdVQ==}
    engines: {node: '>=16.0.0'}

  '@smithy/util-stream@3.3.2':
    resolution: {integrity: sha512-sInAqdiVeisUGYAv/FrXpmJ0b4WTFmciTRqzhb7wVuem9BHvhIG7tpiYHLDWrl2stOokNZpTTGqz3mzB2qFwXg==}
    engines: {node: '>=16.0.0'}

  '@smithy/util-uri-escape@3.0.0':
    resolution: {integrity: sha512-LqR7qYLgZTD7nWLBecUi4aqolw8Mhza9ArpNEQ881MJJIU2sE5iHCK6TdyqqzcDLy0OPe10IY4T8ctVdtynubg==}
    engines: {node: '>=16.0.0'}

  '@smithy/util-utf8@2.3.0':
    resolution: {integrity: sha512-R8Rdn8Hy72KKcebgLiv8jQcQkXoLMOGGv5uI1/k0l+snqkOzQ1R0ChUBCxWMlBsFMekWjq0wRudIweFs7sKT5A==}
    engines: {node: '>=14.0.0'}

  '@smithy/util-utf8@3.0.0':
    resolution: {integrity: sha512-rUeT12bxFnplYDe815GXbq/oixEGHfRFFtcTF3YdDi/JaENIM6aSYYLJydG83UNzLXeRI5K8abYd/8Sp/QM0kA==}
    engines: {node: '>=16.0.0'}

  '@types/node@20.14.13':
    resolution: {integrity: sha512-+bHoGiZb8UiQ0+WEtmph2IWQCjIqg8MDZMAV+ppRRhUZnquF5mQkP/9vpSwJClEiSM/C7fZZExPzfU0vJTyp8w==}

  aws-cdk-lib@2.173.2:
    resolution: {integrity: sha512-cL9+z8Pl3VZGoO7BwdsrFAOeud/vSl3at7OvmhihbNprMN15XuFUx/rViAU5OI1m92NbV4NBzYSLbSeCwYLNyw==}
    engines: {node: '>= 14.15.0'}
    peerDependencies:
      constructs: ^10.0.0
    bundledDependencies:
      - '@balena/dockerignore'
      - case
      - fs-extra
      - ignore
      - jsonschema
      - minimatch
      - punycode
      - semver
      - table
      - yaml
      - mime-types

  bowser@2.11.0:
    resolution: {integrity: sha512-AlcaJBi/pqqJBIQ8U9Mcpc9i8Aqxn88Skv5d+xBX006BY5u8N3mGLHa5Lgppa7L/HfwgwLgZ6NYs+Ag6uUmJRA==}

  ci-info@3.9.0:
    resolution: {integrity: sha512-NIxF55hv4nSqQswkAeiOi1r83xy8JldOFDTWiug55KBu9Jnblncd2U6ViHmYgHf01TPZS77NJBhBMKdWj9HQMQ==}
    engines: {node: '>=8'}

  constructs@10.4.2:
    resolution: {integrity: sha512-wsNxBlAott2qg8Zv87q3eYZYgheb9lchtBfjHzzLHtXbttwSrHPs1NNQbBrmbb1YZvYg2+Vh0Dor76w4mFxJkA==}

  fast-xml-parser@4.4.1:
    resolution: {integrity: sha512-xkjOecfnKGkSsOwtZ5Pz7Us/T6mrbPQrq0nh+aCO5V9nk5NLWmasAHumTKjiPJPWANe+kAZ84Jc8ooJkzZ88Sw==}
    hasBin: true

  is-ci@3.0.1:
    resolution: {integrity: sha512-ZYvCgrefwqoQ6yTyYUbQu64HsITZ3NfKX1lzaEYdkTDcfKzzCI/wthRRYKkdjHKFVgNiXKAKm65Zo1pk2as/QQ==}
    hasBin: true

  lodash.mergewith@4.6.2:
    resolution: {integrity: sha512-GK3g5RPZWTRSeLSpgP8Xhra+pnjBC56q9FZYe1d5RN3TJ35dbkGy3YqBSMbyCrlbi+CM9Z3Jk5yTL7RCsqboyQ==}

  lodash.snakecase@4.1.1:
    resolution: {integrity: sha512-QZ1d4xoBHYUeuouhEq3lk3Uq7ldgyFXGBhg04+oRLnIz8o9T65Eh+8YdroUwn846zchkA9yDsDl5CVVaV2nqYw==}

  prettier@3.3.3:
    resolution: {integrity: sha512-i2tDNA0O5IrMO757lfrdQZCc2jPNDVntV0m/+4whiDfWaTKfMNgR7Qz0NAeGz/nRqF4m5/6CLzbP4/liHt12Ew==}
    engines: {node: '>=14'}
    hasBin: true

  semver@7.6.3:
    resolution: {integrity: sha512-oVekP1cKtI+CTDvHWYFUcMtsK/00wmAEfyqKfNdARm8u1wNVhSgaX7A8d4UuIlUI5e84iEwOhs7ZPYRmzU9U6A==}
    engines: {node: '>=10'}
    hasBin: true

  strnum@1.0.5:
    resolution: {integrity: sha512-J8bbNyKKXl5qYcR36TIO8W3mVGVHrmmxsd5PAItGkmyzwJvybiw2IVq5nqd0i4LSNSkB/sx9VHllbfFdr9k1JA==}

  tslib@2.8.1:
    resolution: {integrity: sha512-oJFu94HQb+KVduSUQL7wnpmqnfmLsOA/nAh6b6EH0wCEoK0/mPeXU6c3wKDV83MkOuHPRHtSXKKU99IBazS/2w==}

  typescript@5.5.4:
    resolution: {integrity: sha512-Mtq29sKDAEYP7aljRgtPOpTvOfbwRWlS6dPRzwjdE+C0R4brX/GUyhHSecbHMFLNBLcJIPt9nl9yG5TZ1weH+Q==}
    engines: {node: '>=14.17'}
    hasBin: true

  undici-types@5.26.5:
    resolution: {integrity: sha512-JlCMO+ehdEIKqlFxk6IfVoAUVmgz7cU7zD/h9XZ0qzeosSHmUJVOzSQvvYSYWXkFXC+IfLKSIffhv0sVZup6pA==}

  uuid@9.0.1:
    resolution: {integrity: sha512-b+1eJOlsR9K8HJpow9Ok3fiWOWSIcIzXodvv0rQjVoOVNpWMpxf1wZNpt4y9h10odCNrqnYp1OBzRktckBe3sA==}
    hasBin: true

  zod@3.24.1:
    resolution: {integrity: sha512-muH7gBL9sI1nciMZV67X5fTKKBLtwpZ5VBp1vsOQzj1MhrBZ4wlVCm3gedKZWLp0Oyel8sIGfeiz54Su+OVT+A==}

snapshots:

  '@aws-amplify/auth-construct@1.5.1(@aws-sdk/types@3.714.0)(aws-cdk-lib@2.173.2(constructs@10.4.2))(constructs@10.4.2)(zod@3.24.1)':
    dependencies:
      '@aws-amplify/backend-output-schemas': 1.4.0(zod@3.24.1)
      '@aws-amplify/backend-output-storage': 1.1.4(@aws-sdk/types@3.714.0)(aws-cdk-lib@2.173.2(constructs@10.4.2))(constructs@10.4.2)(zod@3.24.1)
      '@aws-amplify/plugin-types': 1.6.0(@aws-sdk/types@3.714.0)(aws-cdk-lib@2.173.2(constructs@10.4.2))(constructs@10.4.2)
      '@aws-sdk/util-arn-parser': 3.693.0
      aws-cdk-lib: 2.173.2(constructs@10.4.2)
      constructs: 10.4.2
    transitivePeerDependencies:
      - '@aws-sdk/types'
      - aws-crt
      - zod

  '@aws-amplify/backend-auth@1.4.2(@aws-sdk/types@3.714.0)(aws-cdk-lib@2.173.2(constructs@10.4.2))(constructs@10.4.2)(zod@3.24.1)':
    dependencies:
      '@aws-amplify/auth-construct': 1.5.1(@aws-sdk/types@3.714.0)(aws-cdk-lib@2.173.2(constructs@10.4.2))(constructs@10.4.2)(zod@3.24.1)
      '@aws-amplify/backend-output-schemas': 1.4.0(zod@3.24.1)
      '@aws-amplify/backend-output-storage': 1.1.4(@aws-sdk/types@3.714.0)(aws-cdk-lib@2.173.2(constructs@10.4.2))(constructs@10.4.2)(zod@3.24.1)
      '@aws-amplify/plugin-types': 1.6.0(@aws-sdk/types@3.714.0)(aws-cdk-lib@2.173.2(constructs@10.4.2))(constructs@10.4.2)
      aws-cdk-lib: 2.173.2(constructs@10.4.2)
      constructs: 10.4.2
    transitivePeerDependencies:
      - '@aws-sdk/types'
      - aws-crt
      - zod

  '@aws-amplify/backend-output-schemas@1.4.0(zod@3.24.1)':
    dependencies:
      zod: 3.24.1

  '@aws-amplify/backend-output-storage@1.1.4(@aws-sdk/types@3.714.0)(aws-cdk-lib@2.173.2(constructs@10.4.2))(constructs@10.4.2)(zod@3.24.1)':
    dependencies:
      '@aws-amplify/backend-output-schemas': 1.4.0(zod@3.24.1)
      '@aws-amplify/platform-core': 1.4.0(@aws-sdk/types@3.714.0)(aws-cdk-lib@2.173.2(constructs@10.4.2))(constructs@10.4.2)
      '@aws-amplify/plugin-types': 1.6.0(@aws-sdk/types@3.714.0)(aws-cdk-lib@2.173.2(constructs@10.4.2))(constructs@10.4.2)
      aws-cdk-lib: 2.173.2(constructs@10.4.2)
    transitivePeerDependencies:
      - '@aws-sdk/types'
      - aws-crt
      - constructs
      - zod

  '@aws-amplify/platform-core@1.4.0(@aws-sdk/types@3.714.0)(aws-cdk-lib@2.173.2(constructs@10.4.2))(constructs@10.4.2)':
    dependencies:
      '@aws-amplify/plugin-types': 1.6.0(@aws-sdk/types@3.714.0)(aws-cdk-lib@2.173.2(constructs@10.4.2))(constructs@10.4.2)
      '@aws-sdk/client-sts': 3.716.0
      aws-cdk-lib: 2.173.2(constructs@10.4.2)
      constructs: 10.4.2
      is-ci: 3.0.1
      lodash.mergewith: 4.6.2
      lodash.snakecase: 4.1.1
      semver: 7.6.3
      uuid: 9.0.1
      zod: 3.24.1
    transitivePeerDependencies:
      - '@aws-sdk/types'
      - aws-crt

  '@aws-amplify/plugin-types@1.6.0(@aws-sdk/types@3.714.0)(aws-cdk-lib@2.173.2(constructs@10.4.2))(constructs@10.4.2)':
    dependencies:
      '@aws-sdk/types': 3.714.0
      aws-cdk-lib: 2.173.2(constructs@10.4.2)
      constructs: 10.4.2

  '@aws-cdk/asset-awscli-v1@2.2.215': {}

  '@aws-cdk/asset-kubectl-v20@2.1.3': {}

  '@aws-cdk/asset-node-proxy-agent-v6@2.1.0': {}

  '@aws-cdk/cloud-assembly-schema@38.0.1': {}

  '@aws-crypto/sha256-browser@5.2.0':
    dependencies:
      '@aws-crypto/sha256-js': 5.2.0
      '@aws-crypto/supports-web-crypto': 5.2.0
      '@aws-crypto/util': 5.2.0
      '@aws-sdk/types': 3.714.0
      '@aws-sdk/util-locate-window': 3.693.0
      '@smithy/util-utf8': 2.3.0
      tslib: 2.8.1

  '@aws-crypto/sha256-js@5.2.0':
    dependencies:
      '@aws-crypto/util': 5.2.0
      '@aws-sdk/types': 3.714.0
      tslib: 2.8.1

  '@aws-crypto/supports-web-crypto@5.2.0':
    dependencies:
      tslib: 2.8.1

  '@aws-crypto/util@5.2.0':
    dependencies:
      '@aws-sdk/types': 3.714.0
      '@smithy/util-utf8': 2.3.0
      tslib: 2.8.1

  '@aws-sdk/client-sso-oidc@3.716.0(@aws-sdk/client-sts@3.716.0)':
    dependencies:
      '@aws-crypto/sha256-browser': 5.2.0
      '@aws-crypto/sha256-js': 5.2.0
      '@aws-sdk/client-sts': 3.716.0
      '@aws-sdk/core': 3.716.0
      '@aws-sdk/credential-provider-node': 3.716.0(@aws-sdk/client-sso-oidc@3.716.0(@aws-sdk/client-sts@3.716.0))(@aws-sdk/client-sts@3.716.0)
      '@aws-sdk/middleware-host-header': 3.714.0
      '@aws-sdk/middleware-logger': 3.714.0
      '@aws-sdk/middleware-recursion-detection': 3.714.0
      '@aws-sdk/middleware-user-agent': 3.716.0
      '@aws-sdk/region-config-resolver': 3.714.0
      '@aws-sdk/types': 3.714.0
      '@aws-sdk/util-endpoints': 3.714.0
      '@aws-sdk/util-user-agent-browser': 3.714.0
      '@aws-sdk/util-user-agent-node': 3.716.0
      '@smithy/config-resolver': 3.0.13
      '@smithy/core': 2.5.5
      '@smithy/fetch-http-handler': 4.1.2
      '@smithy/hash-node': 3.0.11
      '@smithy/invalid-dependency': 3.0.11
      '@smithy/middleware-content-length': 3.0.13
      '@smithy/middleware-endpoint': 3.2.6
      '@smithy/middleware-retry': 3.0.31
      '@smithy/middleware-serde': 3.0.11
      '@smithy/middleware-stack': 3.0.11
      '@smithy/node-config-provider': 3.1.12
      '@smithy/node-http-handler': 3.3.2
      '@smithy/protocol-http': 4.1.8
      '@smithy/smithy-client': 3.5.1
      '@smithy/types': 3.7.2
      '@smithy/url-parser': 3.0.11
      '@smithy/util-base64': 3.0.0
      '@smithy/util-body-length-browser': 3.0.0
      '@smithy/util-body-length-node': 3.0.0
      '@smithy/util-defaults-mode-browser': 3.0.31
      '@smithy/util-defaults-mode-node': 3.0.31
      '@smithy/util-endpoints': 2.1.7
      '@smithy/util-middleware': 3.0.11
      '@smithy/util-retry': 3.0.11
      '@smithy/util-utf8': 3.0.0
      tslib: 2.8.1
    transitivePeerDependencies:
      - aws-crt

  '@aws-sdk/client-sso@3.716.0':
    dependencies:
      '@aws-crypto/sha256-browser': 5.2.0
      '@aws-crypto/sha256-js': 5.2.0
      '@aws-sdk/core': 3.716.0
      '@aws-sdk/middleware-host-header': 3.714.0
      '@aws-sdk/middleware-logger': 3.714.0
      '@aws-sdk/middleware-recursion-detection': 3.714.0
      '@aws-sdk/middleware-user-agent': 3.716.0
      '@aws-sdk/region-config-resolver': 3.714.0
      '@aws-sdk/types': 3.714.0
      '@aws-sdk/util-endpoints': 3.714.0
      '@aws-sdk/util-user-agent-browser': 3.714.0
      '@aws-sdk/util-user-agent-node': 3.716.0
      '@smithy/config-resolver': 3.0.13
      '@smithy/core': 2.5.5
      '@smithy/fetch-http-handler': 4.1.2
      '@smithy/hash-node': 3.0.11
      '@smithy/invalid-dependency': 3.0.11
      '@smithy/middleware-content-length': 3.0.13
      '@smithy/middleware-endpoint': 3.2.6
      '@smithy/middleware-retry': 3.0.31
      '@smithy/middleware-serde': 3.0.11
      '@smithy/middleware-stack': 3.0.11
      '@smithy/node-config-provider': 3.1.12
      '@smithy/node-http-handler': 3.3.2
      '@smithy/protocol-http': 4.1.8
      '@smithy/smithy-client': 3.5.1
      '@smithy/types': 3.7.2
      '@smithy/url-parser': 3.0.11
      '@smithy/util-base64': 3.0.0
      '@smithy/util-body-length-browser': 3.0.0
      '@smithy/util-body-length-node': 3.0.0
      '@smithy/util-defaults-mode-browser': 3.0.31
      '@smithy/util-defaults-mode-node': 3.0.31
      '@smithy/util-endpoints': 2.1.7
      '@smithy/util-middleware': 3.0.11
      '@smithy/util-retry': 3.0.11
      '@smithy/util-utf8': 3.0.0
      tslib: 2.8.1
    transitivePeerDependencies:
      - aws-crt

  '@aws-sdk/client-sts@3.716.0':
    dependencies:
      '@aws-crypto/sha256-browser': 5.2.0
      '@aws-crypto/sha256-js': 5.2.0
      '@aws-sdk/client-sso-oidc': 3.716.0(@aws-sdk/client-sts@3.716.0)
      '@aws-sdk/core': 3.716.0
      '@aws-sdk/credential-provider-node': 3.716.0(@aws-sdk/client-sso-oidc@3.716.0(@aws-sdk/client-sts@3.716.0))(@aws-sdk/client-sts@3.716.0)
      '@aws-sdk/middleware-host-header': 3.714.0
      '@aws-sdk/middleware-logger': 3.714.0
      '@aws-sdk/middleware-recursion-detection': 3.714.0
      '@aws-sdk/middleware-user-agent': 3.716.0
      '@aws-sdk/region-config-resolver': 3.714.0
      '@aws-sdk/types': 3.714.0
      '@aws-sdk/util-endpoints': 3.714.0
      '@aws-sdk/util-user-agent-browser': 3.714.0
      '@aws-sdk/util-user-agent-node': 3.716.0
      '@smithy/config-resolver': 3.0.13
      '@smithy/core': 2.5.5
      '@smithy/fetch-http-handler': 4.1.2
      '@smithy/hash-node': 3.0.11
      '@smithy/invalid-dependency': 3.0.11
      '@smithy/middleware-content-length': 3.0.13
      '@smithy/middleware-endpoint': 3.2.6
      '@smithy/middleware-retry': 3.0.31
      '@smithy/middleware-serde': 3.0.11
      '@smithy/middleware-stack': 3.0.11
      '@smithy/node-config-provider': 3.1.12
      '@smithy/node-http-handler': 3.3.2
      '@smithy/protocol-http': 4.1.8
      '@smithy/smithy-client': 3.5.1
      '@smithy/types': 3.7.2
      '@smithy/url-parser': 3.0.11
      '@smithy/util-base64': 3.0.0
      '@smithy/util-body-length-browser': 3.0.0
      '@smithy/util-body-length-node': 3.0.0
      '@smithy/util-defaults-mode-browser': 3.0.31
      '@smithy/util-defaults-mode-node': 3.0.31
      '@smithy/util-endpoints': 2.1.7
      '@smithy/util-middleware': 3.0.11
      '@smithy/util-retry': 3.0.11
      '@smithy/util-utf8': 3.0.0
      tslib: 2.8.1
    transitivePeerDependencies:
      - aws-crt

  '@aws-sdk/core@3.716.0':
    dependencies:
      '@aws-sdk/types': 3.714.0
      '@smithy/core': 2.5.5
      '@smithy/node-config-provider': 3.1.12
      '@smithy/property-provider': 3.1.11
      '@smithy/protocol-http': 4.1.8
      '@smithy/signature-v4': 4.2.4
      '@smithy/smithy-client': 3.5.1
      '@smithy/types': 3.7.2
      '@smithy/util-middleware': 3.0.11
      fast-xml-parser: 4.4.1
      tslib: 2.8.1

  '@aws-sdk/credential-provider-env@3.716.0':
    dependencies:
      '@aws-sdk/core': 3.716.0
      '@aws-sdk/types': 3.714.0
      '@smithy/property-provider': 3.1.11
      '@smithy/types': 3.7.2
      tslib: 2.8.1

  '@aws-sdk/credential-provider-http@3.716.0':
    dependencies:
      '@aws-sdk/core': 3.716.0
      '@aws-sdk/types': 3.714.0
      '@smithy/fetch-http-handler': 4.1.2
      '@smithy/node-http-handler': 3.3.2
      '@smithy/property-provider': 3.1.11
      '@smithy/protocol-http': 4.1.8
      '@smithy/smithy-client': 3.5.1
      '@smithy/types': 3.7.2
      '@smithy/util-stream': 3.3.2
      tslib: 2.8.1

  '@aws-sdk/credential-provider-ini@3.716.0(@aws-sdk/client-sso-oidc@3.716.0(@aws-sdk/client-sts@3.716.0))(@aws-sdk/client-sts@3.716.0)':
    dependencies:
      '@aws-sdk/client-sts': 3.716.0
      '@aws-sdk/core': 3.716.0
      '@aws-sdk/credential-provider-env': 3.716.0
      '@aws-sdk/credential-provider-http': 3.716.0
      '@aws-sdk/credential-provider-process': 3.716.0
      '@aws-sdk/credential-provider-sso': 3.716.0(@aws-sdk/client-sso-oidc@3.716.0(@aws-sdk/client-sts@3.716.0))
      '@aws-sdk/credential-provider-web-identity': 3.716.0(@aws-sdk/client-sts@3.716.0)
      '@aws-sdk/types': 3.714.0
      '@smithy/credential-provider-imds': 3.2.8
      '@smithy/property-provider': 3.1.11
      '@smithy/shared-ini-file-loader': 3.1.12
      '@smithy/types': 3.7.2
      tslib: 2.8.1
    transitivePeerDependencies:
      - '@aws-sdk/client-sso-oidc'
      - aws-crt

  '@aws-sdk/credential-provider-node@3.716.0(@aws-sdk/client-sso-oidc@3.716.0(@aws-sdk/client-sts@3.716.0))(@aws-sdk/client-sts@3.716.0)':
    dependencies:
      '@aws-sdk/credential-provider-env': 3.716.0
      '@aws-sdk/credential-provider-http': 3.716.0
      '@aws-sdk/credential-provider-ini': 3.716.0(@aws-sdk/client-sso-oidc@3.716.0(@aws-sdk/client-sts@3.716.0))(@aws-sdk/client-sts@3.716.0)
      '@aws-sdk/credential-provider-process': 3.716.0
      '@aws-sdk/credential-provider-sso': 3.716.0(@aws-sdk/client-sso-oidc@3.716.0(@aws-sdk/client-sts@3.716.0))
      '@aws-sdk/credential-provider-web-identity': 3.716.0(@aws-sdk/client-sts@3.716.0)
      '@aws-sdk/types': 3.714.0
      '@smithy/credential-provider-imds': 3.2.8
      '@smithy/property-provider': 3.1.11
      '@smithy/shared-ini-file-loader': 3.1.12
      '@smithy/types': 3.7.2
      tslib: 2.8.1
    transitivePeerDependencies:
      - '@aws-sdk/client-sso-oidc'
      - '@aws-sdk/client-sts'
      - aws-crt

  '@aws-sdk/credential-provider-process@3.716.0':
    dependencies:
      '@aws-sdk/core': 3.716.0
      '@aws-sdk/types': 3.714.0
      '@smithy/property-provider': 3.1.11
      '@smithy/shared-ini-file-loader': 3.1.12
      '@smithy/types': 3.7.2
      tslib: 2.8.1

  '@aws-sdk/credential-provider-sso@3.716.0(@aws-sdk/client-sso-oidc@3.716.0(@aws-sdk/client-sts@3.716.0))':
    dependencies:
      '@aws-sdk/client-sso': 3.716.0
      '@aws-sdk/core': 3.716.0
      '@aws-sdk/token-providers': 3.714.0(@aws-sdk/client-sso-oidc@3.716.0(@aws-sdk/client-sts@3.716.0))
      '@aws-sdk/types': 3.714.0
      '@smithy/property-provider': 3.1.11
      '@smithy/shared-ini-file-loader': 3.1.12
      '@smithy/types': 3.7.2
      tslib: 2.8.1
    transitivePeerDependencies:
      - '@aws-sdk/client-sso-oidc'
      - aws-crt

  '@aws-sdk/credential-provider-web-identity@3.716.0(@aws-sdk/client-sts@3.716.0)':
    dependencies:
      '@aws-sdk/client-sts': 3.716.0
      '@aws-sdk/core': 3.716.0
      '@aws-sdk/types': 3.714.0
      '@smithy/property-provider': 3.1.11
      '@smithy/types': 3.7.2
      tslib: 2.8.1

  '@aws-sdk/middleware-host-header@3.714.0':
    dependencies:
      '@aws-sdk/types': 3.714.0
      '@smithy/protocol-http': 4.1.8
      '@smithy/types': 3.7.2
      tslib: 2.8.1

  '@aws-sdk/middleware-logger@3.714.0':
    dependencies:
      '@aws-sdk/types': 3.714.0
      '@smithy/types': 3.7.2
      tslib: 2.8.1

  '@aws-sdk/middleware-recursion-detection@3.714.0':
    dependencies:
      '@aws-sdk/types': 3.714.0
      '@smithy/protocol-http': 4.1.8
      '@smithy/types': 3.7.2
      tslib: 2.8.1

  '@aws-sdk/middleware-user-agent@3.716.0':
    dependencies:
      '@aws-sdk/core': 3.716.0
      '@aws-sdk/types': 3.714.0
      '@aws-sdk/util-endpoints': 3.714.0
      '@smithy/core': 2.5.5
      '@smithy/protocol-http': 4.1.8
      '@smithy/types': 3.7.2
      tslib: 2.8.1

  '@aws-sdk/region-config-resolver@3.714.0':
    dependencies:
      '@aws-sdk/types': 3.714.0
      '@smithy/node-config-provider': 3.1.12
      '@smithy/types': 3.7.2
      '@smithy/util-config-provider': 3.0.0
      '@smithy/util-middleware': 3.0.11
      tslib: 2.8.1

  '@aws-sdk/token-providers@3.714.0(@aws-sdk/client-sso-oidc@3.716.0(@aws-sdk/client-sts@3.716.0))':
    dependencies:
      '@aws-sdk/client-sso-oidc': 3.716.0(@aws-sdk/client-sts@3.716.0)
      '@aws-sdk/types': 3.714.0
      '@smithy/property-provider': 3.1.11
      '@smithy/shared-ini-file-loader': 3.1.12
      '@smithy/types': 3.7.2
      tslib: 2.8.1

  '@aws-sdk/types@3.714.0':
    dependencies:
      '@smithy/types': 3.7.2
      tslib: 2.8.1

  '@aws-sdk/util-arn-parser@3.693.0':
    dependencies:
      tslib: 2.8.1

  '@aws-sdk/util-endpoints@3.714.0':
    dependencies:
      '@aws-sdk/types': 3.714.0
      '@smithy/types': 3.7.2
      '@smithy/util-endpoints': 2.1.7
      tslib: 2.8.1

  '@aws-sdk/util-locate-window@3.693.0':
    dependencies:
      tslib: 2.8.1

  '@aws-sdk/util-user-agent-browser@3.714.0':
    dependencies:
      '@aws-sdk/types': 3.714.0
      '@smithy/types': 3.7.2
      bowser: 2.11.0
      tslib: 2.8.1

  '@aws-sdk/util-user-agent-node@3.716.0':
    dependencies:
      '@aws-sdk/middleware-user-agent': 3.716.0
      '@aws-sdk/types': 3.714.0
      '@smithy/node-config-provider': 3.1.12
      '@smithy/types': 3.7.2
      tslib: 2.8.1

  '@smithy/abort-controller@3.1.9':
    dependencies:
      '@smithy/types': 3.7.2
      tslib: 2.8.1

  '@smithy/config-resolver@3.0.13':
    dependencies:
      '@smithy/node-config-provider': 3.1.12
      '@smithy/types': 3.7.2
      '@smithy/util-config-provider': 3.0.0
      '@smithy/util-middleware': 3.0.11
      tslib: 2.8.1

  '@smithy/core@2.5.5':
    dependencies:
      '@smithy/middleware-serde': 3.0.11
      '@smithy/protocol-http': 4.1.8
      '@smithy/types': 3.7.2
      '@smithy/util-body-length-browser': 3.0.0
      '@smithy/util-middleware': 3.0.11
      '@smithy/util-stream': 3.3.2
      '@smithy/util-utf8': 3.0.0
      tslib: 2.8.1

  '@smithy/credential-provider-imds@3.2.8':
    dependencies:
      '@smithy/node-config-provider': 3.1.12
      '@smithy/property-provider': 3.1.11
      '@smithy/types': 3.7.2
      '@smithy/url-parser': 3.0.11
      tslib: 2.8.1

  '@smithy/fetch-http-handler@4.1.2':
    dependencies:
      '@smithy/protocol-http': 4.1.8
      '@smithy/querystring-builder': 3.0.11
      '@smithy/types': 3.7.2
      '@smithy/util-base64': 3.0.0
      tslib: 2.8.1

  '@smithy/hash-node@3.0.11':
    dependencies:
      '@smithy/types': 3.7.2
      '@smithy/util-buffer-from': 3.0.0
      '@smithy/util-utf8': 3.0.0
      tslib: 2.8.1

  '@smithy/invalid-dependency@3.0.11':
    dependencies:
      '@smithy/types': 3.7.2
      tslib: 2.8.1

  '@smithy/is-array-buffer@2.2.0':
    dependencies:
      tslib: 2.8.1

  '@smithy/is-array-buffer@3.0.0':
    dependencies:
      tslib: 2.8.1

  '@smithy/middleware-content-length@3.0.13':
    dependencies:
      '@smithy/protocol-http': 4.1.8
      '@smithy/types': 3.7.2
      tslib: 2.8.1

  '@smithy/middleware-endpoint@3.2.6':
    dependencies:
      '@smithy/core': 2.5.5
      '@smithy/middleware-serde': 3.0.11
      '@smithy/node-config-provider': 3.1.12
      '@smithy/shared-ini-file-loader': 3.1.12
      '@smithy/types': 3.7.2
      '@smithy/url-parser': 3.0.11
      '@smithy/util-middleware': 3.0.11
      tslib: 2.8.1

  '@smithy/middleware-retry@3.0.31':
    dependencies:
      '@smithy/node-config-provider': 3.1.12
      '@smithy/protocol-http': 4.1.8
      '@smithy/service-error-classification': 3.0.11
      '@smithy/smithy-client': 3.5.1
      '@smithy/types': 3.7.2
      '@smithy/util-middleware': 3.0.11
      '@smithy/util-retry': 3.0.11
      tslib: 2.8.1
      uuid: 9.0.1

  '@smithy/middleware-serde@3.0.11':
    dependencies:
      '@smithy/types': 3.7.2
      tslib: 2.8.1

  '@smithy/middleware-stack@3.0.11':
    dependencies:
      '@smithy/types': 3.7.2
      tslib: 2.8.1

  '@smithy/node-config-provider@3.1.12':
    dependencies:
      '@smithy/property-provider': 3.1.11
      '@smithy/shared-ini-file-loader': 3.1.12
      '@smithy/types': 3.7.2
      tslib: 2.8.1

  '@smithy/node-http-handler@3.3.2':
    dependencies:
      '@smithy/abort-controller': 3.1.9
      '@smithy/protocol-http': 4.1.8
      '@smithy/querystring-builder': 3.0.11
      '@smithy/types': 3.7.2
      tslib: 2.8.1

  '@smithy/property-provider@3.1.11':
    dependencies:
      '@smithy/types': 3.7.2
      tslib: 2.8.1

  '@smithy/protocol-http@4.1.8':
    dependencies:
      '@smithy/types': 3.7.2
      tslib: 2.8.1

  '@smithy/querystring-builder@3.0.11':
    dependencies:
      '@smithy/types': 3.7.2
      '@smithy/util-uri-escape': 3.0.0
      tslib: 2.8.1

  '@smithy/querystring-parser@3.0.11':
    dependencies:
      '@smithy/types': 3.7.2
      tslib: 2.8.1

  '@smithy/service-error-classification@3.0.11':
    dependencies:
      '@smithy/types': 3.7.2

  '@smithy/shared-ini-file-loader@3.1.12':
    dependencies:
      '@smithy/types': 3.7.2
      tslib: 2.8.1

  '@smithy/signature-v4@4.2.4':
    dependencies:
      '@smithy/is-array-buffer': 3.0.0
      '@smithy/protocol-http': 4.1.8
      '@smithy/types': 3.7.2
      '@smithy/util-hex-encoding': 3.0.0
      '@smithy/util-middleware': 3.0.11
      '@smithy/util-uri-escape': 3.0.0
      '@smithy/util-utf8': 3.0.0
      tslib: 2.8.1

  '@smithy/smithy-client@3.5.1':
    dependencies:
      '@smithy/core': 2.5.5
      '@smithy/middleware-endpoint': 3.2.6
      '@smithy/middleware-stack': 3.0.11
      '@smithy/protocol-http': 4.1.8
      '@smithy/types': 3.7.2
      '@smithy/util-stream': 3.3.2
      tslib: 2.8.1

  '@smithy/types@3.7.2':
    dependencies:
      tslib: 2.8.1

  '@smithy/url-parser@3.0.11':
    dependencies:
      '@smithy/querystring-parser': 3.0.11
      '@smithy/types': 3.7.2
      tslib: 2.8.1

  '@smithy/util-base64@3.0.0':
    dependencies:
      '@smithy/util-buffer-from': 3.0.0
      '@smithy/util-utf8': 3.0.0
      tslib: 2.8.1

  '@smithy/util-body-length-browser@3.0.0':
    dependencies:
      tslib: 2.8.1

  '@smithy/util-body-length-node@3.0.0':
    dependencies:
      tslib: 2.8.1

  '@smithy/util-buffer-from@2.2.0':
    dependencies:
      '@smithy/is-array-buffer': 2.2.0
      tslib: 2.8.1

  '@smithy/util-buffer-from@3.0.0':
    dependencies:
      '@smithy/is-array-buffer': 3.0.0
      tslib: 2.8.1

  '@smithy/util-config-provider@3.0.0':
    dependencies:
      tslib: 2.8.1

  '@smithy/util-defaults-mode-browser@3.0.31':
    dependencies:
      '@smithy/property-provider': 3.1.11
      '@smithy/smithy-client': 3.5.1
      '@smithy/types': 3.7.2
      bowser: 2.11.0
      tslib: 2.8.1

  '@smithy/util-defaults-mode-node@3.0.31':
    dependencies:
      '@smithy/config-resolver': 3.0.13
      '@smithy/credential-provider-imds': 3.2.8
      '@smithy/node-config-provider': 3.1.12
      '@smithy/property-provider': 3.1.11
      '@smithy/smithy-client': 3.5.1
      '@smithy/types': 3.7.2
      tslib: 2.8.1

  '@smithy/util-endpoints@2.1.7':
    dependencies:
      '@smithy/node-config-provider': 3.1.12
      '@smithy/types': 3.7.2
      tslib: 2.8.1

  '@smithy/util-hex-encoding@3.0.0':
    dependencies:
      tslib: 2.8.1

  '@smithy/util-middleware@3.0.11':
    dependencies:
      '@smithy/types': 3.7.2
      tslib: 2.8.1

  '@smithy/util-retry@3.0.11':
    dependencies:
      '@smithy/service-error-classification': 3.0.11
      '@smithy/types': 3.7.2
      tslib: 2.8.1

  '@smithy/util-stream@3.3.2':
    dependencies:
      '@smithy/fetch-http-handler': 4.1.2
      '@smithy/node-http-handler': 3.3.2
      '@smithy/types': 3.7.2
      '@smithy/util-base64': 3.0.0
      '@smithy/util-buffer-from': 3.0.0
      '@smithy/util-hex-encoding': 3.0.0
      '@smithy/util-utf8': 3.0.0
      tslib: 2.8.1

  '@smithy/util-uri-escape@3.0.0':
    dependencies:
      tslib: 2.8.1

  '@smithy/util-utf8@2.3.0':
    dependencies:
      '@smithy/util-buffer-from': 2.2.0
      tslib: 2.8.1

  '@smithy/util-utf8@3.0.0':
    dependencies:
      '@smithy/util-buffer-from': 3.0.0
      tslib: 2.8.1

  '@types/node@20.14.13':
    dependencies:
      undici-types: 5.26.5

  aws-cdk-lib@2.173.2(constructs@10.4.2):
    dependencies:
      '@aws-cdk/asset-awscli-v1': 2.2.215
      '@aws-cdk/asset-kubectl-v20': 2.1.3
      '@aws-cdk/asset-node-proxy-agent-v6': 2.1.0
      '@aws-cdk/cloud-assembly-schema': 38.0.1
      constructs: 10.4.2

  bowser@2.11.0: {}

  ci-info@3.9.0: {}

  constructs@10.4.2: {}

  fast-xml-parser@4.4.1:
    dependencies:
      strnum: 1.0.5

  is-ci@3.0.1:
    dependencies:
      ci-info: 3.9.0

  lodash.mergewith@4.6.2: {}

  lodash.snakecase@4.1.1: {}

  prettier@3.3.3: {}

  semver@7.6.3: {}

  strnum@1.0.5: {}

  tslib@2.8.1: {}

  typescript@5.5.4: {}

  undici-types@5.26.5: {}

  uuid@9.0.1: {}

  zod@3.24.1: {}
